{
  "pins" : [
    {
      "identity" : "bcswiftcrypto",
      "kind" : "remoteSourceControl",
      "location" : "https://github.com/KeystoneHQ/BCSwiftCrypto.git",
      "state" : {
        "revision" : "f3b7faadfbd681786e9db73d66d3fe1053628fe5",
        "version" : "0.9.0"
      }
    },
    {
      "identity" : "bcswiftdcbor",
      "kind" : "remoteSourceControl",
      "location" : "https://github.com/KeystoneHQ/BCSwiftDCBOR.git",
      "state" : {
        "revision" : "0330a29a502a43e0c5da1289f00bfa0c1488378c",
        "version" : "0.11.1"
      }
    },
    {
      "identity" : "bcswiftfloat16",
      "kind" : "remoteSourceControl",
      "location" : "https://github.com/KeystoneHQ/BCSwiftFloat16.git",
      "state" : {
        "revision" : "5781bf741d202b69ffaa98c5e84e1229bd99e694",
        "version" : "0.3.0"
      }
    },
    {
      "identity" : "cryptoswift",
      "kind" : "remoteSourceControl",
      "location" : "https://github.com/krzyzanowskim/CryptoSwift.git",
      "state" : {
        "revision" : "678d442c6f7828def400a70ae15968aef67ef52d",
        "version" : "1.8.3"
      }
    },
    {
      "identity" : "secp256k1",
      "kind" : "remoteSourceControl",
      "location" : "https://github.com/portto/secp256k1.git",
      "state" : {
        "revision" : "6864a2560066cedede330c4b344689432a7300f7",
        "version" : "0.0.5"
      }
    },
    {
      "identity" : "secp256k1.swift",
      "kind" : "remoteSourceControl",
      "location" : "https://github.com/KeystoneHQ/secp256k1.swift.git",
      "state" : {
        "revision" : "95bfcee9f194c7a0d52ec29f40bf884812559a7c",
        "version" : "0.8.1"
      }
    },
    {
      "identity" : "swift-collections",
      "kind" : "remoteSourceControl",
      "location" : "https://github.com/apple/swift-collections.git",
      "state" : {
        "revision" : "94cf62b3ba8d4bed62680a282d4c25f9c63c2efb",
        "version" : "1.1.0"
      }
    },
    {
      "identity" : "swift-collections-sorted-collections",
      "kind" : "remoteSourceControl",
      "location" : "https://github.com/soralit/swift-collections-sorted-collections",
      "state" : {
        "revision" : "eebe309da4f42ab6a38a057c74b3d8e7b4233b38",
        "version" : "1.2.2"
      }
    },
    {
      "identity" : "urkit",
      "kind" : "remoteSourceControl",
      "location" : "https://github.com/KeystoneHQ/URKit.git",
      "state" : {
        "revision" : "dfac3005730c2ac189e7db173705c9e400046dcd",
        "version" : "11.5.1"
      }
    }
  ],
  "version" : 2
}
