{
  "pins" : [
    {
      "identity" : "bcswiftdcbor",
      "kind" : "remoteSourceControl",
      "location" : "https://github.com/KeystoneHQ/BCSwiftDCBOR.git",
      "state" : {
        "revision" : "1830abea38243eac9ccc5e1f8c03244073791a4d",
        "version" : "0.10.0"
      }
    },
    {
      "identity" : "bcswiftfloat16",
      "kind" : "remoteSourceControl",
      "location" : "https://github.com/KeystoneHQ/BCSwiftFloat16.git",
      "state" : {
        "revision" : "5781bf741d202b69ffaa98c5e84e1229bd99e694",
        "version" : "0.3.0"
      }
    },
    {
      "identity" : "swift-collections",
      "kind" : "remoteSourceControl",
      "location" : "https://github.com/wolfmcnally/swift-collections",
      "state" : {
        "revision" : "53a8adc54374f620002a3b6401d39e0feb3c57ae",
        "version" : "1.1.0"
      }
    },
    {
      "identity" : "urkit",
      "kind" : "remoteSourceControl",
      "location" : "https://github.com/KeystoneHQ/URKit.git",
      "state" : {
        "revision" : "c2a8d7dc7590ec79cd9bdcd7779ce3ba110e07aa",
        "version" : "10.1.0"
      }
    }
  ],
  "version" : 2
}
